
Microsoft Visual Studio Solution File, Format Version 12.00
Project("{2150E333-8FDC-42A3-9474-1A3956D46DE8}") = "Lesson 2 - Linear algorithms", "Lesson 2 - Linear algorithms", "{FC8ABC69-EED0-438E-B8FE-C6B80463E9B5}"
EndProject
Project("{FAE04EC0-301F-11D3-BF4B-00C04F79EFBC}") = "Task 2.1 - Find R and S of Circle", "Lesson 2 - Linear algorithms\Task 2.1 - Find R and S of Circle\Task 2.1 - Find R and S of Circle.csproj", "{B3F6EAE3-29C4-43F5-A2C7-BECD95053CBF}"
EndProject
Project("{FAE04EC0-301F-11D3-BF4B-00C04F79EFBC}") = "Task 2.2 - Find P and S of Rectangle", "Lesson 2 - Linear algorithms\Task 2.2 - Find P and S of Rectangle\Task 2.2 - Find P and S of Rectangle.csproj", "{304FA475-D3D5-46BE-87D9-5810D3FDFBBC}"
EndProject
Project("{FAE04EC0-301F-11D3-BF4B-00C04F79EFBC}") = "Task 2.3 - Find P and S of Triangle", "Lesson 2 - Linear algorithms\Task 2.3 - Find P and S of Triangle\Task 2.3 - Find P and S of Triangle.csproj", "{0AA94304-86DA-4D7A-8F35-A8FD8CDE7CEF}"
EndProject
Project("{2150E333-8FDC-42A3-9474-1A3956D46DE8}") = "Lesson 3 - Branching algorithms", "Lesson 3 - Branching algorithms", "{3D61B3D8-0F04-40EB-90D1-DA39C9B36497}"
EndProject
Project("{FAE04EC0-301F-11D3-BF4B-00C04F79EFBC}") = "Task 3.1 - Find fourth point of rectangle", "Lesson 3 - Branching algorithms\Task 3.1 - Find fourth point of rectangle\Task 3.1 - Find fourth point of rectangle.csproj", "{8C187769-DFC5-4749-9ED1-2F05461B0BA7}"
EndProject
Project("{FAE04EC0-301F-11D3-BF4B-00C04F79EFBC}") = "Task 3.2 - Find closest point out of three", "Lesson 3 - Branching algorithms\Task 3.2 - Find closest point out of three\Task 3.2 - Find closest point out of three.csproj", "{6404A199-1C83-4AE3-B4EC-2611CB35DFAF}"
EndProject
Project("{FAE04EC0-301F-11D3-BF4B-00C04F79EFBC}") = "Task 3.3 - Use suitable ending for numbers in russian", "Lesson 3 - Branching algorithms\Task 3.3 - Use suitable ending for numbers in russian\Task 3.3 - Use suitable ending for numbers in russian.csproj", "{8C973475-48E9-4FA9-BF6E-6E1FA1F2CD33}"
EndProject
Project("{FAE04EC0-301F-11D3-BF4B-00C04F79EFBC}") = "Task 3.4 - Use suitable ending for numbers in russian additinal", "Lesson 3 - Branching algorithms\Task 3.4 - Use suitable ending for numbers in russian additinal\Task 3.4 - Use suitable ending for numbers in russian additinal.csproj", "{0B28ED44-1456-470F-8F8D-5743C8378AF2}"
EndProject
Project("{2150E333-8FDC-42A3-9474-1A3956D46DE8}") = "Lesson 4 - Loop algorithms", "Lesson 4 - Loop algorithms", "{DDB0E94E-514F-4241-A195-EDDEAA6EA481}"
EndProject
Project("{FAE04EC0-301F-11D3-BF4B-00C04F79EFBC}") = "Task 4.1 - Square number", "Lesson 4 - Loop algorithms\Task 4.1 - Square number\Task 4.1 - Square number.csproj", "{5EEDF863-118B-4F78-9A58-271844095984}"
EndProject
Project("{FAE04EC0-301F-11D3-BF4B-00C04F79EFBC}") = "Task 4.2 - More positives or negatives", "Lesson 4 - Loop algorithms\Task 4.2 - More positives or negatives\Task 4.2 - More positives or negatives.csproj", "{404ACB83-FF11-49AB-B869-750D6CD440FB}"
EndProject
Project("{FAE04EC0-301F-11D3-BF4B-00C04F79EFBC}") = "Task 4.3 - Max squares fit in rectangle", "Lesson 4 - Loop algorithms\Task 4.3 - Max squares fit in rectangle\Task 4.3 - Max squares fit in rectangle.csproj", "{5809D58E-AB46-406C-B06F-EC313804CBEC}"
EndProject
Project("{2150E333-8FDC-42A3-9474-1A3956D46DE8}") = "Lesson 5 - Arrays", "Lesson 5 - Arrays", "{437FCCDD-19FF-4853-B027-2AABADC770E1}"
EndProject
Project("{FAE04EC0-301F-11D3-BF4B-00C04F79EFBC}") = "Task 5.1 - Average of array", "Lesson 5 - Arrays\Task 5.1 - Average of array\Task 5.1 - Average of array.csproj", "{C883CDCB-DC5B-4ABD-B74F-5A649BE46644}"
EndProject
Project("{FAE04EC0-301F-11D3-BF4B-00C04F79EFBC}") = "Task 5.2 - Sum of MinMax", "Lesson 5 - Arrays\Task 5.2 - Sum of MinMax\Task 5.2 - Sum of MinMax.csproj", "{75B1DC1A-50D8-4A32-BF90-4579F64F6000}"
EndProject
Project("{FAE04EC0-301F-11D3-BF4B-00C04F79EFBC}") = "Task 5.3 - HalfsSort", "Lesson 5 - Arrays\Task 5.3 - HalfsSort\Task 5.3 - HalfsSort.csproj", "{C1FF30E6-950C-4C79-BBF9-49207342DACC}"
EndProject
Project("{FAE04EC0-301F-11D3-BF4B-00C04F79EFBC}") = "Task 5.5 - TwoDimArrayOddsZero", "Lesson 5 - Arrays\Task 5.5 - TwoDimArrayOddsZero\Task 5.5 - TwoDimArrayOddsZero.csproj", "{4DF7D9C1-4757-455E-A3B2-2BEDA221A89F}"
EndProject
Project("{FAE04EC0-301F-11D3-BF4B-00C04F79EFBC}") = "Task 5.6 - IsMagicSquare", "Lesson 5 - Arrays\Task 5.6 - IsMagicSquare\Task 5.6 - IsMagicSquare.csproj", "{6F094339-1374-4EFC-B4C0-78DBB7D171FF}"
EndProject
Project("{FAE04EC0-301F-11D3-BF4B-00C04F79EFBC}") = "Task 5.4 - NumberOfOddPositivesInEvenIndexes", "Lesson 5 - Arrays\Task 5.4 - NumberOfOddPositivesInEvenIndexes\Task 5.4 - NumberOfOddPositivesInEvenIndexes.csproj", "{32B95AA3-2B9A-4E2F-808C-C4A6BDC43A8A}"
EndProject
Project("{2150E333-8FDC-42A3-9474-1A3956D46DE8}") = "Lesson 6 - Strings", "Lesson 6 - Strings", "{36BC65B9-897D-4973-92D0-4B8BEB5FECBA}"
EndProject
Project("{FAE04EC0-301F-11D3-BF4B-00C04F79EFBC}") = "Task 6.1 - LongestWordInPhrase", "Lesson 6 - Strings\Task 6.1 - LongestWordInPhrase\Task 6.1 - LongestWordInPhrase.csproj", "{38F0F3A1-0CE2-4F26-A858-20AB04C6049E}"
EndProject
Project("{FAE04EC0-301F-11D3-BF4B-00C04F79EFBC}") = "Task 6.2 - IsPalindrome", "Lesson 6 - Strings\Task 6.2 - IsPalindrome\Task 6.2 - IsPalindrome.csproj", "{88FDCE3A-E3FC-4027-B8FC-3A3AF33CAAB7}"
EndProject
Project("{FAE04EC0-301F-11D3-BF4B-00C04F79EFBC}") = "Task 6.3 - RemoveTextInBraces", "Lesson 6 - Strings\Task 6.3 - RemoveTextInBraces\Task 6.3 - RemoveTextInBraces.csproj", "{A3BB1272-5EBB-4553-9697-E50971A59EAC}"
EndProject
Project("{2150E333-8FDC-42A3-9474-1A3956D46DE8}") = "Lesson 7 - Methods", "Lesson 7 - Methods", "{B3B51845-6FD2-4755-8B90-7E35F12D5DA8}"
EndProject
Project("{FAE04EC0-301F-11D3-BF4B-00C04F79EFBC}") = "Task 7.1 - GetTriangleSquare", "Lesson 7 - Methods\Task 7.1 - GetTriangleSquare\Task 7.1 - GetTriangleSquare.csproj", "{1CDF4FD7-F13A-45FA-B714-E07D3FF7844E}"
EndProject
Project("{FAE04EC0-301F-11D3-BF4B-00C04F79EFBC}") = "Task 7.2 - GetCubeVolume", "Lesson 7 - Methods\Task 7.2 - GetCubeVolume\Task 7.2 - GetCubeVolume.csproj", "{D17B8975-B497-4D76-9B00-55158A3A4077}"
EndProject
Project("{FAE04EC0-301F-11D3-BF4B-00C04F79EFBC}") = "Task 8.1 - GetAllDirectories", "Lesson 8 - FileSystem\Task 8.1 - GetAllDirectories\Task 8.1 - GetAllDirectories.csproj", "{FEA974E1-C617-4C83-9ADD-345DE4CE56C9}"
EndProject
Project("{FAE04EC0-301F-11D3-BF4B-00C04F79EFBC}") = "Task 8.2 - CreateTxtAndCalculateSum", "Lesson 8 - FileSystem\Task 8.2 - CreateTxtAndCalculateSum\Task 8.2 - CreateTxtAndCalculateSum.csproj", "{79A9D4C6-FFB3-42B4-8E00-699DAE6943D0}"
EndProject
Project("{FAE04EC0-301F-11D3-BF4B-00C04F79EFBC}") = "Task 8.3 - GetTxtFileStatistics", "Lesson 8 - FileSystem\Task 8.3 - GetTxtFileStatistics\Task 8.3 - GetTxtFileStatistics.csproj", "{284EE34D-F429-4695-B8CB-F3D859AE635E}"
EndProject
Project("{2150E333-8FDC-42A3-9474-1A3956D46DE8}") = "Lesson 8 - FileSystem", "Lesson 8 - FileSystem", "{1B125093-899F-4283-8C17-43A33FBE91D4}"
EndProject
Project("{2150E333-8FDC-42A3-9474-1A3956D46DE8}") = "Lesson 9 - ExceptionHandling", "Lesson 9 - ExceptionHandling", "{0B733E79-24D9-47A7-80DD-833DF65A844B}"
EndProject
Project("{FAE04EC0-301F-11D3-BF4B-00C04F79EFBC}") = "Task 9.1 - ExceptionHandlingCalculator", "Lesson 9 - ExceptionHandling\Task 9.1 - ExceptionHandlingCalculator\Task 9.1 - ExceptionHandlingCalculator.csproj", "{7F449ED0-285D-41A6-A8CB-E7D0CD198F33}"
EndProject
Project("{2150E333-8FDC-42A3-9474-1A3956D46DE8}") = "Lesson 10 - OOP", "Lesson 10 - OOP", "{2929A14F-FD0E-4879-B78F-8CFAEDD4FE0E}"
EndProject
Project("{FAE04EC0-301F-11D3-BF4B-00C04F79EFBC}") = "Task 10.1 - DegreesAndRadians", "Lesson 10 - OOP\Task 10.1 - DegreesAndRadians\Task 10.1 - DegreesAndRadians.csproj", "{D1FE188C-0C2D-4EE6-876C-FD27F7F4CBD0}"
EndProject
Project("{2150E333-8FDC-42A3-9474-1A3956D46DE8}") = "Lesson 11 - Structures", "Lesson 11 - Structures", "{0E0071D8-256E-4276-8520-26E500236802}"
EndProject
Project("{FAE04EC0-301F-11D3-BF4B-00C04F79EFBC}") = "Task 11.1 - LinearStruct", "Lesson 11 - Structures\Task 11.1 - LinearStruct\Task 11.1 - LinearStruct.csproj", "{F81409F9-7D23-4716-AD3F-88F31B4BBDC7}"
EndProject
Project("{2150E333-8FDC-42A3-9474-1A3956D46DE8}") = "Lesson 12 - StaticMembers", "Lesson 12 - StaticMembers", "{A8D6D06B-16B5-498D-9EB1-8D44F0B4DA8C}"
EndProject
Project("{FAE04EC0-301F-11D3-BF4B-00C04F79EFBC}") = "Lesson 12.1 - CircleClass", "Lesson 12 - StaticMembers\Lesson 12.1 - CircleClass\Lesson 12.1 - CircleClass.csproj", "{CE47AF2B-2740-4910-81BF-920886B42471}"
EndProject
Project("{2150E333-8FDC-42A3-9474-1A3956D46DE8}") = "Lesson 13 - Inheritance", "Lesson 13 - Inheritance", "{3464AE65-2E23-42E5-AE1C-119497B724E8}"
EndProject
Project("{FAE04EC0-301F-11D3-BF4B-00C04F79EFBC}") = "Task 13.1 - Building", "Lesson 13 - Inheritance\Task 13.1 - Building\Task 13.1 - Building.csproj", "{D8D13929-E84B-45F2-8B26-D20BC5A1552C}"
EndProject
Project("{2150E333-8FDC-42A3-9474-1A3956D46DE8}") = "Lesson 14 - AbstractClasses", "Lesson 14 - AbstractClasses", "{87644D08-20EA-4A74-87B6-07FC41C2C6D5}"
EndProject
Project("{FAE04EC0-301F-11D3-BF4B-00C04F79EFBC}") = "Task 14.1", "Lesson 14 - AbstractClasses\Task 14.1\Task 14.1.csproj", "{C0B17D83-D1AE-40EB-868E-AD155C04EF1C}"
EndProject
Project("{2150E333-8FDC-42A3-9474-1A3956D46DE8}") = "Lesson 15 - Interfaces", "Lesson 15 - Interfaces", "{7DE5EE25-F19A-4A9A-8797-05DA37AC15E4}"
EndProject
Project("{FAE04EC0-301F-11D3-BF4B-00C04F79EFBC}") = "Task 15.1 - Series", "Lesson 15 - Interfaces\Task 15.1 - Series\Task 15.1 - Series.csproj", "{B14C562C-7C1C-4287-B063-A4EC2DF6D089}"
EndProject
Project("{2150E333-8FDC-42A3-9474-1A3956D46DE8}") = "Lesson 16 - JSON", "Lesson 16 - JSON", "{C24107C9-62E7-4C6E-A636-95DF2F5A193F}"
EndProject
Project("{FAE04EC0-301F-11D3-BF4B-00C04F79EFBC}") = "Task 16.1 - ProductJSON", "Lesson 16 - JSON\Task 16.1 - ProductJSON\Task 16.1 - ProductJSON.csproj", "{08D63C7E-EEE7-44F3-8509-EC3E5619C93C}"
EndProject
Project("{FAE04EC0-301F-11D3-BF4B-00C04F79EFBC}") = "Task 16.2 - ProductJSONDeserialize", "Lesson 16 - JSON\Task 16.2 - ProductJSONDeserialize\Task 16.2 - ProductJSONDeserialize.csproj", "{5F1B4875-9D39-4F86-8D42-0CC8086FB612}"
EndProject
Project("{2150E333-8FDC-42A3-9474-1A3956D46DE8}") = "Lesson 17 - Generics", "Lesson 17 - Generics", "{51357554-04CF-4B6D-9702-18A4731F73AE}"
EndProject
Project("{FAE04EC0-301F-11D3-BF4B-00C04F79EFBC}") = "Task 17.1 - BankAccount", "Lesson 17 - Generics\Task 17.1 - BankAccount\Task 17.1 - BankAccount.csproj", "{07DA7918-7A03-49D3-8338-DBBA38DC63D7}"
EndProject
Project("{2150E333-8FDC-42A3-9474-1A3956D46DE8}") = "Lesson 18 - Collections", "Lesson 18 - Collections", "{EDC72FAF-DCF6-4FF0-92CD-AB590655FD00}"
EndProject
Project("{FAE04EC0-301F-11D3-BF4B-00C04F79EFBC}") = "Task 18.1 - Parenthesises", "Lesson 18 - Collections\Task 18.1 - Parenthesises\Task 18.1 - Parenthesises.csproj", "{7B3FC6BB-9F04-4296-8C1F-56B64A7BA41F}"
EndProject
Project("{2150E333-8FDC-42A3-9474-1A3956D46DE8}") = "Lesson 19 - LINQ", "Lesson 19 - LINQ", "{A1CE909C-1323-4BC3-BA0C-68973BE0C9CF}"
EndProject
Project("{FAE04EC0-301F-11D3-BF4B-00C04F79EFBC}") = "Task 19.1", "Lesson 19 - LINQ\Task 19.1\Task 19.1.csproj", "{DBDBB56E-EEBB-49C0-A4F3-50261B5B1FE0}"
EndProject
Project("{2150E333-8FDC-42A3-9474-1A3956D46DE8}") = "Lesson 20 - LambdaDelegatesEvents", "Lesson 20 - LambdaDelegatesEvents", "{960038A7-D9C1-4A61-A62E-351B5B53DF7B}"
EndProject
Project("{FAE04EC0-301F-11D3-BF4B-00C04F79EFBC}") = "Task 20.1 - Circle", "Lesson 20 - LambdaDelegatesEvents\Task 20.1 - Circle\Task 20.1 - Circle.csproj", "{BC9C3A13-697D-439D-BFEA-E37B35D43D4E}"
EndProject
Project("{2150E333-8FDC-42A3-9474-1A3956D46DE8}") = "Lesson 21 - MultipleThreads", "Lesson 21 - MultipleThreads", "{9F01DF51-0F52-4561-A273-F43B6C735B93}"
EndProject
Project("{FAE04EC0-301F-11D3-BF4B-00C04F79EFBC}") = "Task 21.1 - Gardeners", "Lesson 21 - MultipleThreads\Task 21.1 - Gardeners\Task 21.1 - Gardeners.csproj", "{80900B08-77F4-4557-B753-231709D26E2D}"
EndProject
Project("{2150E333-8FDC-42A3-9474-1A3956D46DE8}") = "Lesson 22 - ParallelProgramming", "Lesson 22 - ParallelProgramming", "{7A5E5A32-B939-4A83-8B8C-EC035B7C6EF8}"
EndProject
Project("{FAE04EC0-301F-11D3-BF4B-00C04F79EFBC}") = "Task 22 - SumOfArray", "Lesson 22 - ParallelProgramming\Task 22 - SumOfArray\Task 22 - SumOfArray.csproj", "{EADC3852-43C0-4CE9-B4F8-D67A0CC04043}"
EndProject
Global
	GlobalSection(SolutionConfigurationPlatforms) = preSolution
		Debug|Any CPU = Debug|Any CPU
		Release|Any CPU = Release|Any CPU
	EndGlobalSection
	GlobalSection(ProjectConfigurationPlatforms) = postSolution
		{B3F6EAE3-29C4-43F5-A2C7-BECD95053CBF}.Debug|Any CPU.ActiveCfg = Debug|Any CPU
		{B3F6EAE3-29C4-43F5-A2C7-BECD95053CBF}.Debug|Any CPU.Build.0 = Debug|Any CPU
		{B3F6EAE3-29C4-43F5-A2C7-BECD95053CBF}.Release|Any CPU.ActiveCfg = Release|Any CPU
		{B3F6EAE3-29C4-43F5-A2C7-BECD95053CBF}.Release|Any CPU.Build.0 = Release|Any CPU
		{304FA475-D3D5-46BE-87D9-5810D3FDFBBC}.Debug|Any CPU.ActiveCfg = Debug|Any CPU
		{304FA475-D3D5-46BE-87D9-5810D3FDFBBC}.Debug|Any CPU.Build.0 = Debug|Any CPU
		{304FA475-D3D5-46BE-87D9-5810D3FDFBBC}.Release|Any CPU.ActiveCfg = Release|Any CPU
		{304FA475-D3D5-46BE-87D9-5810D3FDFBBC}.Release|Any CPU.Build.0 = Release|Any CPU
		{0AA94304-86DA-4D7A-8F35-A8FD8CDE7CEF}.Debug|Any CPU.ActiveCfg = Debug|Any CPU
		{0AA94304-86DA-4D7A-8F35-A8FD8CDE7CEF}.Debug|Any CPU.Build.0 = Debug|Any CPU
		{0AA94304-86DA-4D7A-8F35-A8FD8CDE7CEF}.Release|Any CPU.ActiveCfg = Release|Any CPU
		{0AA94304-86DA-4D7A-8F35-A8FD8CDE7CEF}.Release|Any CPU.Build.0 = Release|Any CPU
		{8C187769-DFC5-4749-9ED1-2F05461B0BA7}.Debug|Any CPU.ActiveCfg = Debug|Any CPU
		{8C187769-DFC5-4749-9ED1-2F05461B0BA7}.Debug|Any CPU.Build.0 = Debug|Any CPU
		{8C187769-DFC5-4749-9ED1-2F05461B0BA7}.Release|Any CPU.ActiveCfg = Release|Any CPU
		{8C187769-DFC5-4749-9ED1-2F05461B0BA7}.Release|Any CPU.Build.0 = Release|Any CPU
		{6404A199-1C83-4AE3-B4EC-2611CB35DFAF}.Debug|Any CPU.ActiveCfg = Debug|Any CPU
		{6404A199-1C83-4AE3-B4EC-2611CB35DFAF}.Debug|Any CPU.Build.0 = Debug|Any CPU
		{6404A199-1C83-4AE3-B4EC-2611CB35DFAF}.Release|Any CPU.ActiveCfg = Release|Any CPU
		{6404A199-1C83-4AE3-B4EC-2611CB35DFAF}.Release|Any CPU.Build.0 = Release|Any CPU
		{8C973475-48E9-4FA9-BF6E-6E1FA1F2CD33}.Debug|Any CPU.ActiveCfg = Debug|Any CPU
		{8C973475-48E9-4FA9-BF6E-6E1FA1F2CD33}.Debug|Any CPU.Build.0 = Debug|Any CPU
		{8C973475-48E9-4FA9-BF6E-6E1FA1F2CD33}.Release|Any CPU.ActiveCfg = Release|Any CPU
		{8C973475-48E9-4FA9-BF6E-6E1FA1F2CD33}.Release|Any CPU.Build.0 = Release|Any CPU
		{0B28ED44-1456-470F-8F8D-5743C8378AF2}.Debug|Any CPU.ActiveCfg = Debug|Any CPU
		{0B28ED44-1456-470F-8F8D-5743C8378AF2}.Debug|Any CPU.Build.0 = Debug|Any CPU
		{0B28ED44-1456-470F-8F8D-5743C8378AF2}.Release|Any CPU.ActiveCfg = Release|Any CPU
		{0B28ED44-1456-470F-8F8D-5743C8378AF2}.Release|Any CPU.Build.0 = Release|Any CPU
		{5EEDF863-118B-4F78-9A58-271844095984}.Debug|Any CPU.ActiveCfg = Debug|Any CPU
		{5EEDF863-118B-4F78-9A58-271844095984}.Debug|Any CPU.Build.0 = Debug|Any CPU
		{5EEDF863-118B-4F78-9A58-271844095984}.Release|Any CPU.ActiveCfg = Release|Any CPU
		{5EEDF863-118B-4F78-9A58-271844095984}.Release|Any CPU.Build.0 = Release|Any CPU
		{404ACB83-FF11-49AB-B869-750D6CD440FB}.Debug|Any CPU.ActiveCfg = Debug|Any CPU
		{404ACB83-FF11-49AB-B869-750D6CD440FB}.Debug|Any CPU.Build.0 = Debug|Any CPU
		{404ACB83-FF11-49AB-B869-750D6CD440FB}.Release|Any CPU.ActiveCfg = Release|Any CPU
		{404ACB83-FF11-49AB-B869-750D6CD440FB}.Release|Any CPU.Build.0 = Release|Any CPU
		{5809D58E-AB46-406C-B06F-EC313804CBEC}.Debug|Any CPU.ActiveCfg = Debug|Any CPU
		{5809D58E-AB46-406C-B06F-EC313804CBEC}.Debug|Any CPU.Build.0 = Debug|Any CPU
		{5809D58E-AB46-406C-B06F-EC313804CBEC}.Release|Any CPU.ActiveCfg = Release|Any CPU
		{5809D58E-AB46-406C-B06F-EC313804CBEC}.Release|Any CPU.Build.0 = Release|Any CPU
		{C883CDCB-DC5B-4ABD-B74F-5A649BE46644}.Debug|Any CPU.ActiveCfg = Debug|Any CPU
		{C883CDCB-DC5B-4ABD-B74F-5A649BE46644}.Debug|Any CPU.Build.0 = Debug|Any CPU
		{C883CDCB-DC5B-4ABD-B74F-5A649BE46644}.Release|Any CPU.ActiveCfg = Release|Any CPU
		{C883CDCB-DC5B-4ABD-B74F-5A649BE46644}.Release|Any CPU.Build.0 = Release|Any CPU
		{75B1DC1A-50D8-4A32-BF90-4579F64F6000}.Debug|Any CPU.ActiveCfg = Debug|Any CPU
		{75B1DC1A-50D8-4A32-BF90-4579F64F6000}.Debug|Any CPU.Build.0 = Debug|Any CPU
		{75B1DC1A-50D8-4A32-BF90-4579F64F6000}.Release|Any CPU.ActiveCfg = Release|Any CPU
		{75B1DC1A-50D8-4A32-BF90-4579F64F6000}.Release|Any CPU.Build.0 = Release|Any CPU
		{C1FF30E6-950C-4C79-BBF9-49207342DACC}.Debug|Any CPU.ActiveCfg = Debug|Any CPU
		{C1FF30E6-950C-4C79-BBF9-49207342DACC}.Debug|Any CPU.Build.0 = Debug|Any CPU
		{C1FF30E6-950C-4C79-BBF9-49207342DACC}.Release|Any CPU.ActiveCfg = Release|Any CPU
		{C1FF30E6-950C-4C79-BBF9-49207342DACC}.Release|Any CPU.Build.0 = Release|Any CPU
		{4DF7D9C1-4757-455E-A3B2-2BEDA221A89F}.Debug|Any CPU.ActiveCfg = Debug|Any CPU
		{4DF7D9C1-4757-455E-A3B2-2BEDA221A89F}.Debug|Any CPU.Build.0 = Debug|Any CPU
		{4DF7D9C1-4757-455E-A3B2-2BEDA221A89F}.Release|Any CPU.ActiveCfg = Release|Any CPU
		{4DF7D9C1-4757-455E-A3B2-2BEDA221A89F}.Release|Any CPU.Build.0 = Release|Any CPU
		{6F094339-1374-4EFC-B4C0-78DBB7D171FF}.Debug|Any CPU.ActiveCfg = Debug|Any CPU
		{6F094339-1374-4EFC-B4C0-78DBB7D171FF}.Debug|Any CPU.Build.0 = Debug|Any CPU
		{6F094339-1374-4EFC-B4C0-78DBB7D171FF}.Release|Any CPU.ActiveCfg = Release|Any CPU
		{6F094339-1374-4EFC-B4C0-78DBB7D171FF}.Release|Any CPU.Build.0 = Release|Any CPU
		{32B95AA3-2B9A-4E2F-808C-C4A6BDC43A8A}.Debug|Any CPU.ActiveCfg = Debug|Any CPU
		{32B95AA3-2B9A-4E2F-808C-C4A6BDC43A8A}.Debug|Any CPU.Build.0 = Debug|Any CPU
		{32B95AA3-2B9A-4E2F-808C-C4A6BDC43A8A}.Release|Any CPU.ActiveCfg = Release|Any CPU
		{32B95AA3-2B9A-4E2F-808C-C4A6BDC43A8A}.Release|Any CPU.Build.0 = Release|Any CPU
		{38F0F3A1-0CE2-4F26-A858-20AB04C6049E}.Debug|Any CPU.ActiveCfg = Debug|Any CPU
		{38F0F3A1-0CE2-4F26-A858-20AB04C6049E}.Debug|Any CPU.Build.0 = Debug|Any CPU
		{38F0F3A1-0CE2-4F26-A858-20AB04C6049E}.Release|Any CPU.ActiveCfg = Release|Any CPU
		{38F0F3A1-0CE2-4F26-A858-20AB04C6049E}.Release|Any CPU.Build.0 = Release|Any CPU
		{88FDCE3A-E3FC-4027-B8FC-3A3AF33CAAB7}.Debug|Any CPU.ActiveCfg = Debug|Any CPU
		{88FDCE3A-E3FC-4027-B8FC-3A3AF33CAAB7}.Debug|Any CPU.Build.0 = Debug|Any CPU
		{88FDCE3A-E3FC-4027-B8FC-3A3AF33CAAB7}.Release|Any CPU.ActiveCfg = Release|Any CPU
		{88FDCE3A-E3FC-4027-B8FC-3A3AF33CAAB7}.Release|Any CPU.Build.0 = Release|Any CPU
		{A3BB1272-5EBB-4553-9697-E50971A59EAC}.Debug|Any CPU.ActiveCfg = Debug|Any CPU
		{A3BB1272-5EBB-4553-9697-E50971A59EAC}.Debug|Any CPU.Build.0 = Debug|Any CPU
		{A3BB1272-5EBB-4553-9697-E50971A59EAC}.Release|Any CPU.ActiveCfg = Release|Any CPU
		{A3BB1272-5EBB-4553-9697-E50971A59EAC}.Release|Any CPU.Build.0 = Release|Any CPU
		{1CDF4FD7-F13A-45FA-B714-E07D3FF7844E}.Debug|Any CPU.ActiveCfg = Debug|Any CPU
		{1CDF4FD7-F13A-45FA-B714-E07D3FF7844E}.Debug|Any CPU.Build.0 = Debug|Any CPU
		{1CDF4FD7-F13A-45FA-B714-E07D3FF7844E}.Release|Any CPU.ActiveCfg = Release|Any CPU
		{1CDF4FD7-F13A-45FA-B714-E07D3FF7844E}.Release|Any CPU.Build.0 = Release|Any CPU
		{D17B8975-B497-4D76-9B00-55158A3A4077}.Debug|Any CPU.ActiveCfg = Debug|Any CPU
		{D17B8975-B497-4D76-9B00-55158A3A4077}.Debug|Any CPU.Build.0 = Debug|Any CPU
		{D17B8975-B497-4D76-9B00-55158A3A4077}.Release|Any CPU.ActiveCfg = Release|Any CPU
		{D17B8975-B497-4D76-9B00-55158A3A4077}.Release|Any CPU.Build.0 = Release|Any CPU
		{FEA974E1-C617-4C83-9ADD-345DE4CE56C9}.Debug|Any CPU.ActiveCfg = Debug|Any CPU
		{FEA974E1-C617-4C83-9ADD-345DE4CE56C9}.Debug|Any CPU.Build.0 = Debug|Any CPU
		{FEA974E1-C617-4C83-9ADD-345DE4CE56C9}.Release|Any CPU.ActiveCfg = Release|Any CPU
		{FEA974E1-C617-4C83-9ADD-345DE4CE56C9}.Release|Any CPU.Build.0 = Release|Any CPU
		{79A9D4C6-FFB3-42B4-8E00-699DAE6943D0}.Debug|Any CPU.ActiveCfg = Debug|Any CPU
		{79A9D4C6-FFB3-42B4-8E00-699DAE6943D0}.Debug|Any CPU.Build.0 = Debug|Any CPU
		{79A9D4C6-FFB3-42B4-8E00-699DAE6943D0}.Release|Any CPU.ActiveCfg = Release|Any CPU
		{79A9D4C6-FFB3-42B4-8E00-699DAE6943D0}.Release|Any CPU.Build.0 = Release|Any CPU
		{284EE34D-F429-4695-B8CB-F3D859AE635E}.Debug|Any CPU.ActiveCfg = Debug|Any CPU
		{284EE34D-F429-4695-B8CB-F3D859AE635E}.Debug|Any CPU.Build.0 = Debug|Any CPU
		{284EE34D-F429-4695-B8CB-F3D859AE635E}.Release|Any CPU.ActiveCfg = Release|Any CPU
		{284EE34D-F429-4695-B8CB-F3D859AE635E}.Release|Any CPU.Build.0 = Release|Any CPU
		{7F449ED0-285D-41A6-A8CB-E7D0CD198F33}.Debug|Any CPU.ActiveCfg = Debug|Any CPU
		{7F449ED0-285D-41A6-A8CB-E7D0CD198F33}.Debug|Any CPU.Build.0 = Debug|Any CPU
		{7F449ED0-285D-41A6-A8CB-E7D0CD198F33}.Release|Any CPU.ActiveCfg = Release|Any CPU
		{7F449ED0-285D-41A6-A8CB-E7D0CD198F33}.Release|Any CPU.Build.0 = Release|Any CPU
		{D1FE188C-0C2D-4EE6-876C-FD27F7F4CBD0}.Debug|Any CPU.ActiveCfg = Debug|Any CPU
		{D1FE188C-0C2D-4EE6-876C-FD27F7F4CBD0}.Debug|Any CPU.Build.0 = Debug|Any CPU
		{D1FE188C-0C2D-4EE6-876C-FD27F7F4CBD0}.Release|Any CPU.ActiveCfg = Release|Any CPU
		{D1FE188C-0C2D-4EE6-876C-FD27F7F4CBD0}.Release|Any CPU.Build.0 = Release|Any CPU
		{F81409F9-7D23-4716-AD3F-88F31B4BBDC7}.Debug|Any CPU.ActiveCfg = Debug|Any CPU
		{F81409F9-7D23-4716-AD3F-88F31B4BBDC7}.Debug|Any CPU.Build.0 = Debug|Any CPU
		{F81409F9-7D23-4716-AD3F-88F31B4BBDC7}.Release|Any CPU.ActiveCfg = Release|Any CPU
		{F81409F9-7D23-4716-AD3F-88F31B4BBDC7}.Release|Any CPU.Build.0 = Release|Any CPU
		{CE47AF2B-2740-4910-81BF-920886B42471}.Debug|Any CPU.ActiveCfg = Debug|Any CPU
		{CE47AF2B-2740-4910-81BF-920886B42471}.Debug|Any CPU.Build.0 = Debug|Any CPU
		{CE47AF2B-2740-4910-81BF-920886B42471}.Release|Any CPU.ActiveCfg = Release|Any CPU
		{CE47AF2B-2740-4910-81BF-920886B42471}.Release|Any CPU.Build.0 = Release|Any CPU
		{D8D13929-E84B-45F2-8B26-D20BC5A1552C}.Debug|Any CPU.ActiveCfg = Debug|Any CPU
		{D8D13929-E84B-45F2-8B26-D20BC5A1552C}.Debug|Any CPU.Build.0 = Debug|Any CPU
		{D8D13929-E84B-45F2-8B26-D20BC5A1552C}.Release|Any CPU.ActiveCfg = Release|Any CPU
		{D8D13929-E84B-45F2-8B26-D20BC5A1552C}.Release|Any CPU.Build.0 = Release|Any CPU
		{C0B17D83-D1AE-40EB-868E-AD155C04EF1C}.Debug|Any CPU.ActiveCfg = Debug|Any CPU
		{C0B17D83-D1AE-40EB-868E-AD155C04EF1C}.Debug|Any CPU.Build.0 = Debug|Any CPU
		{C0B17D83-D1AE-40EB-868E-AD155C04EF1C}.Release|Any CPU.ActiveCfg = Release|Any CPU
		{C0B17D83-D1AE-40EB-868E-AD155C04EF1C}.Release|Any CPU.Build.0 = Release|Any CPU
		{B14C562C-7C1C-4287-B063-A4EC2DF6D089}.Debug|Any CPU.ActiveCfg = Debug|Any CPU
		{B14C562C-7C1C-4287-B063-A4EC2DF6D089}.Debug|Any CPU.Build.0 = Debug|Any CPU
		{B14C562C-7C1C-4287-B063-A4EC2DF6D089}.Release|Any CPU.ActiveCfg = Release|Any CPU
		{B14C562C-7C1C-4287-B063-A4EC2DF6D089}.Release|Any CPU.Build.0 = Release|Any CPU
		{08D63C7E-EEE7-44F3-8509-EC3E5619C93C}.Debug|Any CPU.ActiveCfg = Debug|Any CPU
		{08D63C7E-EEE7-44F3-8509-EC3E5619C93C}.Debug|Any CPU.Build.0 = Debug|Any CPU
		{08D63C7E-EEE7-44F3-8509-EC3E5619C93C}.Release|Any CPU.ActiveCfg = Release|Any CPU
		{08D63C7E-EEE7-44F3-8509-EC3E5619C93C}.Release|Any CPU.Build.0 = Release|Any CPU
		{5F1B4875-9D39-4F86-8D42-0CC8086FB612}.Debug|Any CPU.ActiveCfg = Debug|Any CPU
		{5F1B4875-9D39-4F86-8D42-0CC8086FB612}.Debug|Any CPU.Build.0 = Debug|Any CPU
		{5F1B4875-9D39-4F86-8D42-0CC8086FB612}.Release|Any CPU.ActiveCfg = Release|Any CPU
		{5F1B4875-9D39-4F86-8D42-0CC8086FB612}.Release|Any CPU.Build.0 = Release|Any CPU
		{07DA7918-7A03-49D3-8338-DBBA38DC63D7}.Debug|Any CPU.ActiveCfg = Debug|Any CPU
		{07DA7918-7A03-49D3-8338-DBBA38DC63D7}.Debug|Any CPU.Build.0 = Debug|Any CPU
		{07DA7918-7A03-49D3-8338-DBBA38DC63D7}.Release|Any CPU.ActiveCfg = Release|Any CPU
		{07DA7918-7A03-49D3-8338-DBBA38DC63D7}.Release|Any CPU.Build.0 = Release|Any CPU
		{7B3FC6BB-9F04-4296-8C1F-56B64A7BA41F}.Debug|Any CPU.ActiveCfg = Debug|Any CPU
		{7B3FC6BB-9F04-4296-8C1F-56B64A7BA41F}.Debug|Any CPU.Build.0 = Debug|Any CPU
		{7B3FC6BB-9F04-4296-8C1F-56B64A7BA41F}.Release|Any CPU.ActiveCfg = Release|Any CPU
		{7B3FC6BB-9F04-4296-8C1F-56B64A7BA41F}.Release|Any CPU.Build.0 = Release|Any CPU
		{DBDBB56E-EEBB-49C0-A4F3-50261B5B1FE0}.Debug|Any CPU.ActiveCfg = Debug|Any CPU
		{DBDBB56E-EEBB-49C0-A4F3-50261B5B1FE0}.Debug|Any CPU.Build.0 = Debug|Any CPU
		{DBDBB56E-EEBB-49C0-A4F3-50261B5B1FE0}.Release|Any CPU.ActiveCfg = Release|Any CPU
		{DBDBB56E-EEBB-49C0-A4F3-50261B5B1FE0}.Release|Any CPU.Build.0 = Release|Any CPU
		{BC9C3A13-697D-439D-BFEA-E37B35D43D4E}.Debug|Any CPU.ActiveCfg = Debug|Any CPU
		{BC9C3A13-697D-439D-BFEA-E37B35D43D4E}.Debug|Any CPU.Build.0 = Debug|Any CPU
		{BC9C3A13-697D-439D-BFEA-E37B35D43D4E}.Release|Any CPU.ActiveCfg = Release|Any CPU
		{BC9C3A13-697D-439D-BFEA-E37B35D43D4E}.Release|Any CPU.Build.0 = Release|Any CPU
		{80900B08-77F4-4557-B753-231709D26E2D}.Debug|Any CPU.ActiveCfg = Debug|Any CPU
		{80900B08-77F4-4557-B753-231709D26E2D}.Debug|Any CPU.Build.0 = Debug|Any CPU
		{80900B08-77F4-4557-B753-231709D26E2D}.Release|Any CPU.ActiveCfg = Release|Any CPU
		{80900B08-77F4-4557-B753-231709D26E2D}.Release|Any CPU.Build.0 = Release|Any CPU
		{EADC3852-43C0-4CE9-B4F8-D67A0CC04043}.Debug|Any CPU.ActiveCfg = Debug|Any CPU
		{EADC3852-43C0-4CE9-B4F8-D67A0CC04043}.Debug|Any CPU.Build.0 = Debug|Any CPU
		{EADC3852-43C0-4CE9-B4F8-D67A0CC04043}.Release|Any CPU.ActiveCfg = Release|Any CPU
		{EADC3852-43C0-4CE9-B4F8-D67A0CC04043}.Release|Any CPU.Build.0 = Release|Any CPU
	EndGlobalSection
	GlobalSection(NestedProjects) = preSolution
		{B3F6EAE3-29C4-43F5-A2C7-BECD95053CBF} = {FC8ABC69-EED0-438E-B8FE-C6B80463E9B5}
		{304FA475-D3D5-46BE-87D9-5810D3FDFBBC} = {FC8ABC69-EED0-438E-B8FE-C6B80463E9B5}
		{0AA94304-86DA-4D7A-8F35-A8FD8CDE7CEF} = {FC8ABC69-EED0-438E-B8FE-C6B80463E9B5}
		{8C187769-DFC5-4749-9ED1-2F05461B0BA7} = {3D61B3D8-0F04-40EB-90D1-DA39C9B36497}
		{6404A199-1C83-4AE3-B4EC-2611CB35DFAF} = {3D61B3D8-0F04-40EB-90D1-DA39C9B36497}
		{8C973475-48E9-4FA9-BF6E-6E1FA1F2CD33} = {3D61B3D8-0F04-40EB-90D1-DA39C9B36497}
		{0B28ED44-1456-470F-8F8D-5743C8378AF2} = {3D61B3D8-0F04-40EB-90D1-DA39C9B36497}
		{5EEDF863-118B-4F78-9A58-271844095984} = {DDB0E94E-514F-4241-A195-EDDEAA6EA481}
		{404ACB83-FF11-49AB-B869-750D6CD440FB} = {DDB0E94E-514F-4241-A195-EDDEAA6EA481}
		{5809D58E-AB46-406C-B06F-EC313804CBEC} = {DDB0E94E-514F-4241-A195-EDDEAA6EA481}
		{C883CDCB-DC5B-4ABD-B74F-5A649BE46644} = {437FCCDD-19FF-4853-B027-2AABADC770E1}
		{75B1DC1A-50D8-4A32-BF90-4579F64F6000} = {437FCCDD-19FF-4853-B027-2AABADC770E1}
		{C1FF30E6-950C-4C79-BBF9-49207342DACC} = {437FCCDD-19FF-4853-B027-2AABADC770E1}
		{4DF7D9C1-4757-455E-A3B2-2BEDA221A89F} = {437FCCDD-19FF-4853-B027-2AABADC770E1}
		{6F094339-1374-4EFC-B4C0-78DBB7D171FF} = {437FCCDD-19FF-4853-B027-2AABADC770E1}
		{32B95AA3-2B9A-4E2F-808C-C4A6BDC43A8A} = {437FCCDD-19FF-4853-B027-2AABADC770E1}
		{38F0F3A1-0CE2-4F26-A858-20AB04C6049E} = {36BC65B9-897D-4973-92D0-4B8BEB5FECBA}
		{88FDCE3A-E3FC-4027-B8FC-3A3AF33CAAB7} = {36BC65B9-897D-4973-92D0-4B8BEB5FECBA}
		{A3BB1272-5EBB-4553-9697-E50971A59EAC} = {36BC65B9-897D-4973-92D0-4B8BEB5FECBA}
		{1CDF4FD7-F13A-45FA-B714-E07D3FF7844E} = {B3B51845-6FD2-4755-8B90-7E35F12D5DA8}
		{D17B8975-B497-4D76-9B00-55158A3A4077} = {B3B51845-6FD2-4755-8B90-7E35F12D5DA8}
		{FEA974E1-C617-4C83-9ADD-345DE4CE56C9} = {1B125093-899F-4283-8C17-43A33FBE91D4}
		{79A9D4C6-FFB3-42B4-8E00-699DAE6943D0} = {1B125093-899F-4283-8C17-43A33FBE91D4}
		{284EE34D-F429-4695-B8CB-F3D859AE635E} = {1B125093-899F-4283-8C17-43A33FBE91D4}
		{7F449ED0-285D-41A6-A8CB-E7D0CD198F33} = {0B733E79-24D9-47A7-80DD-833DF65A844B}
		{D1FE188C-0C2D-4EE6-876C-FD27F7F4CBD0} = {2929A14F-FD0E-4879-B78F-8CFAEDD4FE0E}
		{F81409F9-7D23-4716-AD3F-88F31B4BBDC7} = {0E0071D8-256E-4276-8520-26E500236802}
		{CE47AF2B-2740-4910-81BF-920886B42471} = {A8D6D06B-16B5-498D-9EB1-8D44F0B4DA8C}
		{D8D13929-E84B-45F2-8B26-D20BC5A1552C} = {3464AE65-2E23-42E5-AE1C-119497B724E8}
		{C0B17D83-D1AE-40EB-868E-AD155C04EF1C} = {87644D08-20EA-4A74-87B6-07FC41C2C6D5}
		{B14C562C-7C1C-4287-B063-A4EC2DF6D089} = {7DE5EE25-F19A-4A9A-8797-05DA37AC15E4}
		{08D63C7E-EEE7-44F3-8509-EC3E5619C93C} = {C24107C9-62E7-4C6E-A636-95DF2F5A193F}
		{5F1B4875-9D39-4F86-8D42-0CC8086FB612} = {C24107C9-62E7-4C6E-A636-95DF2F5A193F}
		{07DA7918-7A03-49D3-8338-DBBA38DC63D7} = {51357554-04CF-4B6D-9702-18A4731F73AE}
		{7B3FC6BB-9F04-4296-8C1F-56B64A7BA41F} = {EDC72FAF-DCF6-4FF0-92CD-AB590655FD00}
		{DBDBB56E-EEBB-49C0-A4F3-50261B5B1FE0} = {A1CE909C-1323-4BC3-BA0C-68973BE0C9CF}
		{BC9C3A13-697D-439D-BFEA-E37B35D43D4E} = {960038A7-D9C1-4A61-A62E-351B5B53DF7B}
		{80900B08-77F4-4557-B753-231709D26E2D} = {9F01DF51-0F52-4561-A273-F43B6C735B93}
		{EADC3852-43C0-4CE9-B4F8-D67A0CC04043} = {7A5E5A32-B939-4A83-8B8C-EC035B7C6EF8}
	EndGlobalSection
EndGlobal
